
Microsoft Visual Studio Solution File, Format Version 12.00
# Visual Studio Version 17
VisualStudioVersion = 17.5.33530.505
MinimumVisualStudioVersion = 10.0.40219.1
Project("{9A19103F-16F7-4668-BE54-9A1E7A4F7556}") = "ModuloTiendas", "ModuloTiendas\ModuloTiendas.csproj", "{CE30B20D-C538-45DE-84EE-6937BC46609E}"
EndProject
Project("{9A19103F-16F7-4668-BE54-9A1E7A4F7556}") = "ModuloSucursales", "ModuloSucursales\ModuloSucursales.csproj", "{18C21596-693E-4D46-AFCB-E7C796B881F5}"
EndProject
Project("{FAE04EC0-301F-11D3-BF4B-00C04F79EFBC}") = "ModuloAdministrador", "ModuloAdministrador\ModuloAdministrador.csproj", "{23D05DD9-9672-4092-AC76-938002A179BF}"
EndProject
Global
	GlobalSection(SolutionConfigurationPlatforms) = preSolution
		Debug|Any CPU = Debug|Any CPU
		Release|Any CPU = Release|Any CPU
	EndGlobalSection
	GlobalSection(ProjectConfigurationPlatforms) = postSolution
		{CE30B20D-C538-45DE-84EE-6937BC46609E}.Debug|Any CPU.ActiveCfg = Debug|Any CPU
		{CE30B20D-C538-45DE-84EE-6937BC46609E}.Debug|Any CPU.Build.0 = Debug|Any CPU
		{CE30B20D-C538-45DE-84EE-6937BC46609E}.Release|Any CPU.ActiveCfg = Release|Any CPU
		{CE30B20D-C538-45DE-84EE-6937BC46609E}.Release|Any CPU.Build.0 = Release|Any CPU
		{18C21596-693E-4D46-AFCB-E7C796B881F5}.Debug|Any CPU.ActiveCfg = Debug|Any CPU
		{18C21596-693E-4D46-AFCB-E7C796B881F5}.Debug|Any CPU.Build.0 = Debug|Any CPU
		{18C21596-693E-4D46-AFCB-E7C796B881F5}.Release|Any CPU.ActiveCfg = Release|Any CPU
		{18C21596-693E-4D46-AFCB-E7C796B881F5}.Release|Any CPU.Build.0 = Release|Any CPU
		{23D05DD9-9672-4092-AC76-938002A179BF}.Debug|Any CPU.ActiveCfg = Debug|Any CPU
		{23D05DD9-9672-4092-AC76-938002A179BF}.Debug|Any CPU.Build.0 = Debug|Any CPU
		{23D05DD9-9672-4092-AC76-938002A179BF}.Release|Any CPU.ActiveCfg = Release|Any CPU
		{23D05DD9-9672-4092-AC76-938002A179BF}.Release|Any CPU.Build.0 = Release|Any CPU
	EndGlobalSection
	GlobalSection(SolutionProperties) = preSolution
		HideSolutionNode = FALSE
	EndGlobalSection
	GlobalSection(ExtensibilityGlobals) = postSolution
		SolutionGuid = {E285D59C-FF83-4B15-813E-E32EC7AACA2C}
	EndGlobalSection
EndGlobal
